
Microsoft Visual Studio Solution File, Format Version 12.00
# Visual Studio 15
VisualStudioVersion = 15.0.27004.2005
MinimumVisualStudioVersion = 10.0.40219.1
Project("{FAE04EC0-301F-11D3-BF4B-00C04F79EFBC}") = "SCTuto.Android", "SCTuto\SCTuto.Android\SCTuto.Android.csproj", "{657C9BB4-04E2-4FE4-A1AB-9CD9E230A50A}"
EndProject
Project("{FAE04EC0-301F-11D3-BF4B-00C04F79EFBC}") = "SCTuto", "SCTuto\SCTuto\SCTuto.csproj", "{1C38AEF8-0D3E-491B-A38B-B17A4D1FA2A4}"
EndProject
Project("{FAE04EC0-301F-11D3-BF4B-00C04F79EFBC}") = "SCTuto.UWP", "SCTuto\SCTuto.UWP\SCTuto.UWP.csproj", "{D27481FD-4F80-4ED0-A588-22997EB21609}"
EndProject
Project("{FAE04EC0-301F-11D3-BF4B-00C04F79EFBC}") = "SCTuto.iOS", "SCTuto\SCTuto.iOS\SCTuto.iOS.csproj", "{CFCACF1B-8237-470C-82F2-6346648AE577}"
EndProject
Global
	GlobalSection(SolutionConfigurationPlatforms) = preSolution
		Ad-Hoc|Any CPU = Ad-Hoc|Any CPU
		Ad-Hoc|ARM = Ad-Hoc|ARM
		Ad-Hoc|iPhone = Ad-Hoc|iPhone
		Ad-Hoc|iPhoneSimulator = Ad-Hoc|iPhoneSimulator
		Ad-Hoc|x64 = Ad-Hoc|x64
		Ad-Hoc|x86 = Ad-Hoc|x86
		AppStore|Any CPU = AppStore|Any CPU
		AppStore|ARM = AppStore|ARM
		AppStore|iPhone = AppStore|iPhone
		AppStore|iPhoneSimulator = AppStore|iPhoneSimulator
		AppStore|x64 = AppStore|x64
		AppStore|x86 = AppStore|x86
		Debug|Any CPU = Debug|Any CPU
		Debug|ARM = Debug|ARM
		Debug|iPhone = Debug|iPhone
		Debug|iPhoneSimulator = Debug|iPhoneSimulator
		Debug|x64 = Debug|x64
		Debug|x86 = Debug|x86
		Release|Any CPU = Release|Any CPU
		Release|ARM = Release|ARM
		Release|iPhone = Release|iPhone
		Release|iPhoneSimulator = Release|iPhoneSimulator
		Release|x64 = Release|x64
		Release|x86 = Release|x86
	EndGlobalSection
	GlobalSection(ProjectConfigurationPlatforms) = postSolution
		{657C9BB4-04E2-4FE4-A1AB-9CD9E230A50A}.Ad-Hoc|Any CPU.ActiveCfg = Release|Any CPU
		{657C9BB4-04E2-4FE4-A1AB-9CD9E230A50A}.Ad-Hoc|Any CPU.Build.0 = Release|Any CPU
		{657C9BB4-04E2-4FE4-A1AB-9CD9E230A50A}.Ad-Hoc|Any CPU.Deploy.0 = Release|Any CPU
		{657C9BB4-04E2-4FE4-A1AB-9CD9E230A50A}.Ad-Hoc|ARM.ActiveCfg = Release|Any CPU
		{657C9BB4-04E2-4FE4-A1AB-9CD9E230A50A}.Ad-Hoc|ARM.Build.0 = Release|Any CPU
		{657C9BB4-04E2-4FE4-A1AB-9CD9E230A50A}.Ad-Hoc|ARM.Deploy.0 = Release|Any CPU
		{657C9BB4-04E2-4FE4-A1AB-9CD9E230A50A}.Ad-Hoc|iPhone.ActiveCfg = Release|Any CPU
		{657C9BB4-04E2-4FE4-A1AB-9CD9E230A50A}.Ad-Hoc|iPhone.Build.0 = Release|Any CPU
		{657C9BB4-04E2-4FE4-A1AB-9CD9E230A50A}.Ad-Hoc|iPhone.Deploy.0 = Release|Any CPU
		{657C9BB4-04E2-4FE4-A1AB-9CD9E230A50A}.Ad-Hoc|iPhoneSimulator.ActiveCfg = Release|Any CPU
		{657C9BB4-04E2-4FE4-A1AB-9CD9E230A50A}.Ad-Hoc|iPhoneSimulator.Build.0 = Release|Any CPU
		{657C9BB4-04E2-4FE4-A1AB-9CD9E230A50A}.Ad-Hoc|iPhoneSimulator.Deploy.0 = Release|Any CPU
		{657C9BB4-04E2-4FE4-A1AB-9CD9E230A50A}.Ad-Hoc|x64.ActiveCfg = Release|Any CPU
		{657C9BB4-04E2-4FE4-A1AB-9CD9E230A50A}.Ad-Hoc|x64.Build.0 = Release|Any CPU
		{657C9BB4-04E2-4FE4-A1AB-9CD9E230A50A}.Ad-Hoc|x64.Deploy.0 = Release|Any CPU
		{657C9BB4-04E2-4FE4-A1AB-9CD9E230A50A}.Ad-Hoc|x86.ActiveCfg = Release|Any CPU
		{657C9BB4-04E2-4FE4-A1AB-9CD9E230A50A}.Ad-Hoc|x86.Build.0 = Release|Any CPU
		{657C9BB4-04E2-4FE4-A1AB-9CD9E230A50A}.Ad-Hoc|x86.Deploy.0 = Release|Any CPU
		{657C9BB4-04E2-4FE4-A1AB-9CD9E230A50A}.AppStore|Any CPU.ActiveCfg = Release|Any CPU
		{657C9BB4-04E2-4FE4-A1AB-9CD9E230A50A}.AppStore|Any CPU.Build.0 = Release|Any CPU
		{657C9BB4-04E2-4FE4-A1AB-9CD9E230A50A}.AppStore|Any CPU.Deploy.0 = Release|Any CPU
		{657C9BB4-04E2-4FE4-A1AB-9CD9E230A50A}.AppStore|ARM.ActiveCfg = Release|Any CPU
		{657C9BB4-04E2-4FE4-A1AB-9CD9E230A50A}.AppStore|ARM.Build.0 = Release|Any CPU
		{657C9BB4-04E2-4FE4-A1AB-9CD9E230A50A}.AppStore|ARM.Deploy.0 = Release|Any CPU
		{657C9BB4-04E2-4FE4-A1AB-9CD9E230A50A}.AppStore|iPhone.ActiveCfg = Release|Any CPU
		{657C9BB4-04E2-4FE4-A1AB-9CD9E230A50A}.AppStore|iPhone.Build.0 = Release|Any CPU
		{657C9BB4-04E2-4FE4-A1AB-9CD9E230A50A}.AppStore|iPhone.Deploy.0 = Release|Any CPU
		{657C9BB4-04E2-4FE4-A1AB-9CD9E230A50A}.AppStore|iPhoneSimulator.ActiveCfg = Release|Any CPU
		{657C9BB4-04E2-4FE4-A1AB-9CD9E230A50A}.AppStore|iPhoneSimulator.Build.0 = Release|Any CPU
		{657C9BB4-04E2-4FE4-A1AB-9CD9E230A50A}.AppStore|iPhoneSimulator.Deploy.0 = Release|Any CPU
		{657C9BB4-04E2-4FE4-A1AB-9CD9E230A50A}.AppStore|x64.ActiveCfg = Release|Any CPU
		{657C9BB4-04E2-4FE4-A1AB-9CD9E230A50A}.AppStore|x64.Build.0 = Release|Any CPU
		{657C9BB4-04E2-4FE4-A1AB-9CD9E230A50A}.AppStore|x64.Deploy.0 = Release|Any CPU
		{657C9BB4-04E2-4FE4-A1AB-9CD9E230A50A}.AppStore|x86.ActiveCfg = Release|Any CPU
		{657C9BB4-04E2-4FE4-A1AB-9CD9E230A50A}.AppStore|x86.Build.0 = Release|Any CPU
		{657C9BB4-04E2-4FE4-A1AB-9CD9E230A50A}.AppStore|x86.Deploy.0 = Release|Any CPU
		{657C9BB4-04E2-4FE4-A1AB-9CD9E230A50A}.Debug|Any CPU.ActiveCfg = Debug|Any CPU
		{657C9BB4-04E2-4FE4-A1AB-9CD9E230A50A}.Debug|Any CPU.Build.0 = Debug|Any CPU
		{657C9BB4-04E2-4FE4-A1AB-9CD9E230A50A}.Debug|Any CPU.Deploy.0 = Debug|Any CPU
		{657C9BB4-04E2-4FE4-A1AB-9CD9E230A50A}.Debug|ARM.ActiveCfg = Debug|Any CPU
		{657C9BB4-04E2-4FE4-A1AB-9CD9E230A50A}.Debug|ARM.Build.0 = Debug|Any CPU
		{657C9BB4-04E2-4FE4-A1AB-9CD9E230A50A}.Debug|ARM.Deploy.0 = Debug|Any CPU
		{657C9BB4-04E2-4FE4-A1AB-9CD9E230A50A}.Debug|iPhone.ActiveCfg = Debug|Any CPU
		{657C9BB4-04E2-4FE4-A1AB-9CD9E230A50A}.Debug|iPhone.Build.0 = Debug|Any CPU
		{657C9BB4-04E2-4FE4-A1AB-9CD9E230A50A}.Debug|iPhone.Deploy.0 = Debug|Any CPU
		{657C9BB4-04E2-4FE4-A1AB-9CD9E230A50A}.Debug|iPhoneSimulator.ActiveCfg = Debug|Any CPU
		{657C9BB4-04E2-4FE4-A1AB-9CD9E230A50A}.Debug|iPhoneSimulator.Build.0 = Debug|Any CPU
		{657C9BB4-04E2-4FE4-A1AB-9CD9E230A50A}.Debug|iPhoneSimulator.Deploy.0 = Debug|Any CPU
		{657C9BB4-04E2-4FE4-A1AB-9CD9E230A50A}.Debug|x64.ActiveCfg = Debug|Any CPU
		{657C9BB4-04E2-4FE4-A1AB-9CD9E230A50A}.Debug|x64.Build.0 = Debug|Any CPU
		{657C9BB4-04E2-4FE4-A1AB-9CD9E230A50A}.Debug|x64.Deploy.0 = Debug|Any CPU
		{657C9BB4-04E2-4FE4-A1AB-9CD9E230A50A}.Debug|x86.ActiveCfg = Debug|Any CPU
		{657C9BB4-04E2-4FE4-A1AB-9CD9E230A50A}.Debug|x86.Build.0 = Debug|Any CPU
		{657C9BB4-04E2-4FE4-A1AB-9CD9E230A50A}.Debug|x86.Deploy.0 = Debug|Any CPU
		{657C9BB4-04E2-4FE4-A1AB-9CD9E230A50A}.Release|Any CPU.ActiveCfg = Release|Any CPU
		{657C9BB4-04E2-4FE4-A1AB-9CD9E230A50A}.Release|Any CPU.Build.0 = Release|Any CPU
		{657C9BB4-04E2-4FE4-A1AB-9CD9E230A50A}.Release|Any CPU.Deploy.0 = Release|Any CPU
		{657C9BB4-04E2-4FE4-A1AB-9CD9E230A50A}.Release|ARM.ActiveCfg = Release|Any CPU
		{657C9BB4-04E2-4FE4-A1AB-9CD9E230A50A}.Release|ARM.Build.0 = Release|Any CPU
		{657C9BB4-04E2-4FE4-A1AB-9CD9E230A50A}.Release|ARM.Deploy.0 = Release|Any CPU
		{657C9BB4-04E2-4FE4-A1AB-9CD9E230A50A}.Release|iPhone.ActiveCfg = Release|Any CPU
		{657C9BB4-04E2-4FE4-A1AB-9CD9E230A50A}.Release|iPhone.Build.0 = Release|Any CPU
		{657C9BB4-04E2-4FE4-A1AB-9CD9E230A50A}.Release|iPhone.Deploy.0 = Release|Any CPU
		{657C9BB4-04E2-4FE4-A1AB-9CD9E230A50A}.Release|iPhoneSimulator.ActiveCfg = Release|Any CPU
		{657C9BB4-04E2-4FE4-A1AB-9CD9E230A50A}.Release|iPhoneSimulator.Build.0 = Release|Any CPU
		{657C9BB4-04E2-4FE4-A1AB-9CD9E230A50A}.Release|iPhoneSimulator.Deploy.0 = Release|Any CPU
		{657C9BB4-04E2-4FE4-A1AB-9CD9E230A50A}.Release|x64.ActiveCfg = Release|Any CPU
		{657C9BB4-04E2-4FE4-A1AB-9CD9E230A50A}.Release|x64.Build.0 = Release|Any CPU
		{657C9BB4-04E2-4FE4-A1AB-9CD9E230A50A}.Release|x64.Deploy.0 = Release|Any CPU
		{657C9BB4-04E2-4FE4-A1AB-9CD9E230A50A}.Release|x86.ActiveCfg = Release|Any CPU
		{657C9BB4-04E2-4FE4-A1AB-9CD9E230A50A}.Release|x86.Build.0 = Release|Any CPU
		{657C9BB4-04E2-4FE4-A1AB-9CD9E230A50A}.Release|x86.Deploy.0 = Release|Any CPU
		{1C38AEF8-0D3E-491B-A38B-B17A4D1FA2A4}.Ad-Hoc|Any CPU.ActiveCfg = Release|Any CPU
		{1C38AEF8-0D3E-491B-A38B-B17A4D1FA2A4}.Ad-Hoc|Any CPU.Build.0 = Release|Any CPU
		{1C38AEF8-0D3E-491B-A38B-B17A4D1FA2A4}.Ad-Hoc|ARM.ActiveCfg = Release|Any CPU
		{1C38AEF8-0D3E-491B-A38B-B17A4D1FA2A4}.Ad-Hoc|ARM.Build.0 = Release|Any CPU
		{1C38AEF8-0D3E-491B-A38B-B17A4D1FA2A4}.Ad-Hoc|iPhone.ActiveCfg = Release|Any CPU
		{1C38AEF8-0D3E-491B-A38B-B17A4D1FA2A4}.Ad-Hoc|iPhone.Build.0 = Release|Any CPU
		{1C38AEF8-0D3E-491B-A38B-B17A4D1FA2A4}.Ad-Hoc|iPhoneSimulator.ActiveCfg = Release|Any CPU
		{1C38AEF8-0D3E-491B-A38B-B17A4D1FA2A4}.Ad-Hoc|iPhoneSimulator.Build.0 = Release|Any CPU
		{1C38AEF8-0D3E-491B-A38B-B17A4D1FA2A4}.Ad-Hoc|x64.ActiveCfg = Release|Any CPU
		{1C38AEF8-0D3E-491B-A38B-B17A4D1FA2A4}.Ad-Hoc|x64.Build.0 = Release|Any CPU
		{1C38AEF8-0D3E-491B-A38B-B17A4D1FA2A4}.Ad-Hoc|x86.ActiveCfg = Release|Any CPU
		{1C38AEF8-0D3E-491B-A38B-B17A4D1FA2A4}.Ad-Hoc|x86.Build.0 = Release|Any CPU
		{1C38AEF8-0D3E-491B-A38B-B17A4D1FA2A4}.AppStore|Any CPU.ActiveCfg = Release|Any CPU
		{1C38AEF8-0D3E-491B-A38B-B17A4D1FA2A4}.AppStore|Any CPU.Build.0 = Release|Any CPU
		{1C38AEF8-0D3E-491B-A38B-B17A4D1FA2A4}.AppStore|ARM.ActiveCfg = Release|Any CPU
		{1C38AEF8-0D3E-491B-A38B-B17A4D1FA2A4}.AppStore|ARM.Build.0 = Release|Any CPU
		{1C38AEF8-0D3E-491B-A38B-B17A4D1FA2A4}.AppStore|iPhone.ActiveCfg = Release|Any CPU
		{1C38AEF8-0D3E-491B-A38B-B17A4D1FA2A4}.AppStore|iPhone.Build.0 = Release|Any CPU
		{1C38AEF8-0D3E-491B-A38B-B17A4D1FA2A4}.AppStore|iPhoneSimulator.ActiveCfg = Release|Any CPU
		{1C38AEF8-0D3E-491B-A38B-B17A4D1FA2A4}.AppStore|iPhoneSimulator.Build.0 = Release|Any CPU
		{1C38AEF8-0D3E-491B-A38B-B17A4D1FA2A4}.AppStore|x64.ActiveCfg = Release|Any CPU
		{1C38AEF8-0D3E-491B-A38B-B17A4D1FA2A4}.AppStore|x64.Build.0 = Release|Any CPU
		{1C38AEF8-0D3E-491B-A38B-B17A4D1FA2A4}.AppStore|x86.ActiveCfg = Release|Any CPU
		{1C38AEF8-0D3E-491B-A38B-B17A4D1FA2A4}.AppStore|x86.Build.0 = Release|Any CPU
		{1C38AEF8-0D3E-491B-A38B-B17A4D1FA2A4}.Debug|Any CPU.ActiveCfg = Debug|Any CPU
		{1C38AEF8-0D3E-491B-A38B-B17A4D1FA2A4}.Debug|Any CPU.Build.0 = Debug|Any CPU
		{1C38AEF8-0D3E-491B-A38B-B17A4D1FA2A4}.Debug|ARM.ActiveCfg = Debug|Any CPU
		{1C38AEF8-0D3E-491B-A38B-B17A4D1FA2A4}.Debug|ARM.Build.0 = Debug|Any CPU
		{1C38AEF8-0D3E-491B-A38B-B17A4D1FA2A4}.Debug|iPhone.ActiveCfg = Debug|Any CPU
		{1C38AEF8-0D3E-491B-A38B-B17A4D1FA2A4}.Debug|iPhone.Build.0 = Debug|Any CPU
		{1C38AEF8-0D3E-491B-A38B-B17A4D1FA2A4}.Debug|iPhoneSimulator.ActiveCfg = Debug|Any CPU
		{1C38AEF8-0D3E-491B-A38B-B17A4D1FA2A4}.Debug|iPhoneSimulator.Build.0 = Debug|Any CPU
		{1C38AEF8-0D3E-491B-A38B-B17A4D1FA2A4}.Debug|x64.ActiveCfg = Debug|Any CPU
		{1C38AEF8-0D3E-491B-A38B-B17A4D1FA2A4}.Debug|x64.Build.0 = Debug|Any CPU
		{1C38AEF8-0D3E-491B-A38B-B17A4D1FA2A4}.Debug|x86.ActiveCfg = Debug|Any CPU
		{1C38AEF8-0D3E-491B-A38B-B17A4D1FA2A4}.Debug|x86.Build.0 = Debug|Any CPU
		{1C38AEF8-0D3E-491B-A38B-B17A4D1FA2A4}.Release|Any CPU.ActiveCfg = Release|Any CPU
		{1C38AEF8-0D3E-491B-A38B-B17A4D1FA2A4}.Release|Any CPU.Build.0 = Release|Any CPU
		{1C38AEF8-0D3E-491B-A38B-B17A4D1FA2A4}.Release|ARM.ActiveCfg = Release|Any CPU
		{1C38AEF8-0D3E-491B-A38B-B17A4D1FA2A4}.Release|ARM.Build.0 = Release|Any CPU
		{1C38AEF8-0D3E-491B-A38B-B17A4D1FA2A4}.Release|iPhone.ActiveCfg = Release|Any CPU
		{1C38AEF8-0D3E-491B-A38B-B17A4D1FA2A4}.Release|iPhone.Build.0 = Release|Any CPU
		{1C38AEF8-0D3E-491B-A38B-B17A4D1FA2A4}.Release|iPhoneSimulator.ActiveCfg = Release|Any CPU
		{1C38AEF8-0D3E-491B-A38B-B17A4D1FA2A4}.Release|iPhoneSimulator.Build.0 = Release|Any CPU
		{1C38AEF8-0D3E-491B-A38B-B17A4D1FA2A4}.Release|x64.ActiveCfg = Release|Any CPU
		{1C38AEF8-0D3E-491B-A38B-B17A4D1FA2A4}.Release|x64.Build.0 = Release|Any CPU
		{1C38AEF8-0D3E-491B-A38B-B17A4D1FA2A4}.Release|x86.ActiveCfg = Release|Any CPU
		{1C38AEF8-0D3E-491B-A38B-B17A4D1FA2A4}.Release|x86.Build.0 = Release|Any CPU
		{D27481FD-4F80-4ED0-A588-22997EB21609}.Ad-Hoc|Any CPU.ActiveCfg = Release|x86
		{D27481FD-4F80-4ED0-A588-22997EB21609}.Ad-Hoc|Any CPU.Build.0 = Release|x86
		{D27481FD-4F80-4ED0-A588-22997EB21609}.Ad-Hoc|Any CPU.Deploy.0 = Release|x86
		{D27481FD-4F80-4ED0-A588-22997EB21609}.Ad-Hoc|ARM.ActiveCfg = Release|ARM
		{D27481FD-4F80-4ED0-A588-22997EB21609}.Ad-Hoc|ARM.Build.0 = Release|ARM
		{D27481FD-4F80-4ED0-A588-22997EB21609}.Ad-Hoc|ARM.Deploy.0 = Release|ARM
		{D27481FD-4F80-4ED0-A588-22997EB21609}.Ad-Hoc|iPhone.ActiveCfg = Release|x86
		{D27481FD-4F80-4ED0-A588-22997EB21609}.Ad-Hoc|iPhone.Build.0 = Release|x86
		{D27481FD-4F80-4ED0-A588-22997EB21609}.Ad-Hoc|iPhone.Deploy.0 = Release|x86
		{D27481FD-4F80-4ED0-A588-22997EB21609}.Ad-Hoc|iPhoneSimulator.ActiveCfg = Release|x86
		{D27481FD-4F80-4ED0-A588-22997EB21609}.Ad-Hoc|iPhoneSimulator.Build.0 = Release|x86
		{D27481FD-4F80-4ED0-A588-22997EB21609}.Ad-Hoc|iPhoneSimulator.Deploy.0 = Release|x86
		{D27481FD-4F80-4ED0-A588-22997EB21609}.Ad-Hoc|x64.ActiveCfg = Release|x64
		{D27481FD-4F80-4ED0-A588-22997EB21609}.Ad-Hoc|x64.Build.0 = Release|x64
		{D27481FD-4F80-4ED0-A588-22997EB21609}.Ad-Hoc|x64.Deploy.0 = Release|x64
		{D27481FD-4F80-4ED0-A588-22997EB21609}.Ad-Hoc|x86.ActiveCfg = Release|x86
		{D27481FD-4F80-4ED0-A588-22997EB21609}.Ad-Hoc|x86.Build.0 = Release|x86
		{D27481FD-4F80-4ED0-A588-22997EB21609}.Ad-Hoc|x86.Deploy.0 = Release|x86
		{D27481FD-4F80-4ED0-A588-22997EB21609}.AppStore|Any CPU.ActiveCfg = Release|x86
		{D27481FD-4F80-4ED0-A588-22997EB21609}.AppStore|Any CPU.Build.0 = Release|x86
		{D27481FD-4F80-4ED0-A588-22997EB21609}.AppStore|Any CPU.Deploy.0 = Release|x86
		{D27481FD-4F80-4ED0-A588-22997EB21609}.AppStore|ARM.ActiveCfg = Release|ARM
		{D27481FD-4F80-4ED0-A588-22997EB21609}.AppStore|ARM.Build.0 = Release|ARM
		{D27481FD-4F80-4ED0-A588-22997EB21609}.AppStore|ARM.Deploy.0 = Release|ARM
		{D27481FD-4F80-4ED0-A588-22997EB21609}.AppStore|iPhone.ActiveCfg = Release|x86
		{D27481FD-4F80-4ED0-A588-22997EB21609}.AppStore|iPhone.Build.0 = Release|x86
		{D27481FD-4F80-4ED0-A588-22997EB21609}.AppStore|iPhone.Deploy.0 = Release|x86
		{D27481FD-4F80-4ED0-A588-22997EB21609}.AppStore|iPhoneSimulator.ActiveCfg = Release|x86
		{D27481FD-4F80-4ED0-A588-22997EB21609}.AppStore|iPhoneSimulator.Build.0 = Release|x86
		{D27481FD-4F80-4ED0-A588-22997EB21609}.AppStore|iPhoneSimulator.Deploy.0 = Release|x86
		{D27481FD-4F80-4ED0-A588-22997EB21609}.AppStore|x64.ActiveCfg = Release|x64
		{D27481FD-4F80-4ED0-A588-22997EB21609}.AppStore|x64.Build.0 = Release|x64
		{D27481FD-4F80-4ED0-A588-22997EB21609}.AppStore|x64.Deploy.0 = Release|x64
		{D27481FD-4F80-4ED0-A588-22997EB21609}.AppStore|x86.ActiveCfg = Release|x86
		{D27481FD-4F80-4ED0-A588-22997EB21609}.AppStore|x86.Build.0 = Release|x86
		{D27481FD-4F80-4ED0-A588-22997EB21609}.AppStore|x86.Deploy.0 = Release|x86
		{D27481FD-4F80-4ED0-A588-22997EB21609}.Debug|Any CPU.ActiveCfg = Debug|x86
		{D27481FD-4F80-4ED0-A588-22997EB21609}.Debug|ARM.ActiveCfg = Debug|ARM
		{D27481FD-4F80-4ED0-A588-22997EB21609}.Debug|ARM.Build.0 = Debug|ARM
		{D27481FD-4F80-4ED0-A588-22997EB21609}.Debug|ARM.Deploy.0 = Debug|ARM
		{D27481FD-4F80-4ED0-A588-22997EB21609}.Debug|iPhone.ActiveCfg = Debug|x86
		{D27481FD-4F80-4ED0-A588-22997EB21609}.Debug|iPhoneSimulator.ActiveCfg = Debug|x86
		{D27481FD-4F80-4ED0-A588-22997EB21609}.Debug|x64.ActiveCfg = Debug|x64
		{D27481FD-4F80-4ED0-A588-22997EB21609}.Debug|x64.Build.0 = Debug|x64
		{D27481FD-4F80-4ED0-A588-22997EB21609}.Debug|x64.Deploy.0 = Debug|x64
		{D27481FD-4F80-4ED0-A588-22997EB21609}.Debug|x86.ActiveCfg = Debug|x86
		{D27481FD-4F80-4ED0-A588-22997EB21609}.Debug|x86.Build.0 = Debug|x86
		{D27481FD-4F80-4ED0-A588-22997EB21609}.Debug|x86.Deploy.0 = Debug|x86
		{D27481FD-4F80-4ED0-A588-22997EB21609}.Release|Any CPU.ActiveCfg = Release|x86
		{D27481FD-4F80-4ED0-A588-22997EB21609}.Release|ARM.ActiveCfg = Release|ARM
		{D27481FD-4F80-4ED0-A588-22997EB21609}.Release|ARM.Build.0 = Release|ARM
		{D27481FD-4F80-4ED0-A588-22997EB21609}.Release|ARM.Deploy.0 = Release|ARM
		{D27481FD-4F80-4ED0-A588-22997EB21609}.Release|iPhone.ActiveCfg = Release|x86
		{D27481FD-4F80-4ED0-A588-22997EB21609}.Release|iPhoneSimulator.ActiveCfg = Release|x86
		{D27481FD-4F80-4ED0-A588-22997EB21609}.Release|x64.ActiveCfg = Release|x64
		{D27481FD-4F80-4ED0-A588-22997EB21609}.Release|x64.Build.0 = Release|x64
		{D27481FD-4F80-4ED0-A588-22997EB21609}.Release|x64.Deploy.0 = Release|x64
		{D27481FD-4F80-4ED0-A588-22997EB21609}.Release|x86.ActiveCfg = Release|x86
		{D27481FD-4F80-4ED0-A588-22997EB21609}.Release|x86.Build.0 = Release|x86
		{D27481FD-4F80-4ED0-A588-22997EB21609}.Release|x86.Deploy.0 = Release|x86
		{CFCACF1B-8237-470C-82F2-6346648AE577}.Ad-Hoc|Any CPU.ActiveCfg = Ad-Hoc|iPhoneSimulator
		{CFCACF1B-8237-470C-82F2-6346648AE577}.Ad-Hoc|ARM.ActiveCfg = Ad-Hoc|iPhone
		{CFCACF1B-8237-470C-82F2-6346648AE577}.Ad-Hoc|iPhone.ActiveCfg = Ad-Hoc|iPhone
		{CFCACF1B-8237-470C-82F2-6346648AE577}.Ad-Hoc|iPhone.Build.0 = Ad-Hoc|iPhone
		{CFCACF1B-8237-470C-82F2-6346648AE577}.Ad-Hoc|iPhoneSimulator.ActiveCfg = Ad-Hoc|iPhoneSimulator
		{CFCACF1B-8237-470C-82F2-6346648AE577}.Ad-Hoc|iPhoneSimulator.Build.0 = Ad-Hoc|iPhoneSimulator
		{CFCACF1B-8237-470C-82F2-6346648AE577}.Ad-Hoc|x64.ActiveCfg = Ad-Hoc|iPhone
		{CFCACF1B-8237-470C-82F2-6346648AE577}.Ad-Hoc|x86.ActiveCfg = Ad-Hoc|iPhone
		{CFCACF1B-8237-470C-82F2-6346648AE577}.AppStore|Any CPU.ActiveCfg = AppStore|iPhoneSimulator
		{CFCACF1B-8237-470C-82F2-6346648AE577}.AppStore|ARM.ActiveCfg = AppStore|iPhone
		{CFCACF1B-8237-470C-82F2-6346648AE577}.AppStore|iPhone.ActiveCfg = AppStore|iPhone
		{CFCACF1B-8237-470C-82F2-6346648AE577}.AppStore|iPhone.Build.0 = AppStore|iPhone
		{CFCACF1B-8237-470C-82F2-6346648AE577}.AppStore|iPhoneSimulator.ActiveCfg = AppStore|iPhoneSimulator
		{CFCACF1B-8237-470C-82F2-6346648AE577}.AppStore|iPhoneSimulator.Build.0 = AppStore|iPhoneSimulator
		{CFCACF1B-8237-470C-82F2-6346648AE577}.AppStore|x64.ActiveCfg = AppStore|iPhone
		{CFCACF1B-8237-470C-82F2-6346648AE577}.AppStore|x86.ActiveCfg = AppStore|iPhone
		{CFCACF1B-8237-470C-82F2-6346648AE577}.Debug|Any CPU.ActiveCfg = Debug|iPhoneSimulator
		{CFCACF1B-8237-470C-82F2-6346648AE577}.Debug|ARM.ActiveCfg = Debug|iPhone
		{CFCACF1B-8237-470C-82F2-6346648AE577}.Debug|iPhone.ActiveCfg = Debug|iPhone
		{CFCACF1B-8237-470C-82F2-6346648AE577}.Debug|iPhone.Build.0 = Debug|iPhone
		{CFCACF1B-8237-470C-82F2-6346648AE577}.Debug|iPhoneSimulator.ActiveCfg = Debug|iPhoneSimulator
		{CFCACF1B-8237-470C-82F2-6346648AE577}.Debug|iPhoneSimulator.Build.0 = Debug|iPhoneSimulator
		{CFCACF1B-8237-470C-82F2-6346648AE577}.Debug|x64.ActiveCfg = Debug|iPhone
		{CFCACF1B-8237-470C-82F2-6346648AE577}.Debug|x86.ActiveCfg = Debug|iPhone
		{CFCACF1B-8237-470C-82F2-6346648AE577}.Release|Any CPU.ActiveCfg = Release|iPhoneSimulator
		{CFCACF1B-8237-470C-82F2-6346648AE577}.Release|ARM.ActiveCfg = Release|iPhone
		{CFCACF1B-8237-470C-82F2-6346648AE577}.Release|iPhone.ActiveCfg = Release|iPhone
		{CFCACF1B-8237-470C-82F2-6346648AE577}.Release|iPhone.Build.0 = Release|iPhone
		{CFCACF1B-8237-470C-82F2-6346648AE577}.Release|iPhoneSimulator.ActiveCfg = Release|iPhoneSimulator
		{CFCACF1B-8237-470C-82F2-6346648AE577}.Release|iPhoneSimulator.Build.0 = Release|iPhoneSimulator
		{CFCACF1B-8237-470C-82F2-6346648AE577}.Release|x64.ActiveCfg = Release|iPhone
		{CFCACF1B-8237-470C-82F2-6346648AE577}.Release|x86.ActiveCfg = Release|iPhone
	EndGlobalSection
	GlobalSection(SolutionProperties) = preSolution
		HideSolutionNode = FALSE
	EndGlobalSection
	GlobalSection(ExtensibilityGlobals) = postSolution
		SolutionGuid = {DB719E4D-86F9-4A6E-8B90-56E52042D96E}
	EndGlobalSection
EndGlobal
